<?xml version="1.0" encoding="utf-8"?>
<Project ToolsVersion="4.0" xmlns="http://schemas.microsoft.com/developer/msbuild/2003">
  <ItemGroup>
    <ClCompile Include="..\..\src\libpocketsphinx\acmod.c" />
    <ClCompile Include="..\..\src\libpocketsphinx\bin_mdef.c" />
    <ClCompile Include="..\..\src\libpocketsphinx\blkarray_list.c" />
    <ClCompile Include="..\..\src\libpocketsphinx\dict.c" />
    <ClCompile Include="..\..\src\libpocketsphinx\dict2pid.c" />
    <ClCompile Include="..\..\src\libpocketsphinx\fsg_history.c" />
    <ClCompile Include="..\..\src\libpocketsphinx\fsg_lextree.c" />
    <ClCompile Include="..\..\src\libpocketsphinx\fsg_search.c" />
    <ClCompile Include="..\..\src\libpocketsphinx\hmm.c" />
    <ClCompile Include="..\..\src\libpocketsphinx\kws_search.c" />
    <ClCompile Include="..\..\src\libpocketsphinx\mdef.c" />
    <ClCompile Include="..\..\src\libpocketsphinx\ms_gauden.c" />
    <ClCompile Include="..\..\src\libpocketsphinx\ms_mgau.c" />
    <ClCompile Include="..\..\src\libpocketsphinx\ms_senone.c" />
    <ClCompile Include="..\..\src\libpocketsphinx\ngram_search.c" />
    <ClCompile Include="..\..\src\libpocketsphinx\ngram_search_fwdflat.c" />
    <ClCompile Include="..\..\src\libpocketsphinx\ngram_search_fwdtree.c" />
    <ClCompile Include="..\..\src\libpocketsphinx\phone_loop_search.c" />
    <ClCompile Include="..\..\src\libpocketsphinx\pocketsphinx.c" />
    <ClCompile Include="..\..\src\libpocketsphinx\ps_lattice.c" />
    <ClCompile Include="..\..\src\libpocketsphinx\ps_mllr.c" />
    <ClCompile Include="..\..\src\libpocketsphinx\ptm_mgau.c" />
    <ClCompile Include="..\..\src\libpocketsphinx\s2_semi_mgau.c" />
    <ClCompile Include="..\..\src\libpocketsphinx\tmat.c" />
    <ClCompile Include="..\..\src\libpocketsphinx\vector.c" />
    <ClCompile Include="..\..\src\libpocketsphinx\kws_detections.c" />
  </ItemGroup>
  <ItemGroup>
    <ClInclude Include="..\..\include\cmdln_macro.h" />
    <ClInclude Include="..\..\include\pocketsphinx.h" />
    <ClInclude Include="..\..\include\pocketsphinx_export.h" />
    <ClInclude Include="..\..\include\ps_lattice.h" />
    <ClInclude Include="..\..\include\ps_mllr.h" />
    <ClInclude Include="..\..\src\libpocketsphinx\acmod.h" />
    <ClInclude Include="..\..\src\libpocketsphinx\bin_mdef.h" />
    <ClInclude Include="..\..\src\libpocketsphinx\blkarray_list.h" />
    <ClInclude Include="..\..\src\libpocketsphinx\dict.h" />
    <ClInclude Include="..\..\src\libpocketsphinx\dict2pid.h" />
    <ClInclude Include="..\..\src\libpocketsphinx\fsg_history.h" />
    <ClInclude Include="..\..\src\libpocketsphinx\fsg_lextree.h" />
    <ClInclude Include="..\..\src\libpocketsphinx\fsg_search_internal.h" />
    <ClInclude Include="..\..\src\libpocketsphinx\hmm.h" />
    <ClInclude Include="..\..\src\libpocketsphinx\kws_search.h" />
    <ClInclude Include="..\..\src\libpocketsphinx\mdef.h" />
    <ClInclude Include="..\..\src\libpocketsphinx\ms_gauden.h" />
    <ClInclude Include="..\..\src\libpocketsphinx\ms_mgau.h" />
    <ClInclude Include="..\..\src\libpocketsphinx\ms_senone.h" />
    <ClInclude Include="..\..\src\libpocketsphinx\ngram_search.h" />
    <ClInclude Include="..\..\src\libpocketsphinx\ngram_search_fwdflat.h" />
    <ClInclude Include="..\..\src\libpocketsphinx\ngram_search_fwdtree.h" />
    <ClInclude Include="..\..\src\libpocketsphinx\phone_loop_search.h" />
    <ClInclude Include="..\..\src\libpocketsphinx\pocketsphinx_internal.h" />
    <ClInclude Include="..\..\src\libpocketsphinx\ps_lattice_internal.h" />
    <ClInclude Include="..\..\src\libpocketsphinx\ptm_mgau.h" />
    <ClInclude Include="..\..\src\libpocketsphinx\s2_semi_mgau.h" />
    <ClInclude Include="..\..\src\libpocketsphinx\s3types.h" />
    <ClInclude Include="..\..\src\libpocketsphinx\tied_mgau_common.h" />
    <ClInclude Include="..\..\src\libpocketsphinx\tmat.h" />
    <ClInclude Include="..\..\src\libpocketsphinx\vector.h" />
    <ClInclude Include="..\..\src\libpocketsphinx\kws_detections.h" />
    <ClInclude Include="..\..\src\libpocketsphinx\kws_detections.h">
      <Filter>Source Files</Filter>
    </ClInclude>
  </ItemGroup>
  <ItemGroup>
    <None Include="..\..\src\libpocketsphinx\fast_ptm.txt" />
    <ClCompile Include="..\..\src\libpocketsphinx\kws_detections.c">
      <Filter>Source Files</Filter>
    </ClCompile>
  </ItemGroup>
</Project>