
Microsoft Visual Studio Solution File, Format Version 11.00
# Visual C++ Express 2010
Project("{8BC9CEB8-8B4A-11D0-8D11-00A0C91BC942}") = "pocketsphinx", "win32\pocketsphinx\pocketsphinx.vcxproj", "{94001A0E-A837-445C-8004-F918F10D0226}"
EndProject
Project("{8BC9CEB8-8B4A-11D0-8D11-00A0C91BC942}") = "pocketsphinx_continuous", "win32\pocketsphinx_continuous\pocketsphinx_continuous.vcxproj", "{1380AF76-C926-44D0-8002-06C228AC869A}"
EndProject
Project("{8BC9CEB8-8B4A-11D0-8D11-00A0C91BC942}") = "pocketsphinx_batch", "win32\pocketsphinx_batch\pocketsphinx_batch.vcxproj", "{CB47D94B-2F84-41BC-A3C4-A1EBDCDE922A}"
EndProject
Project("{8BC9CEB8-8B4A-11D0-8D11-00A0C91BC942}") = "pocketsphinx_mdef_convert", "win32\pocketsphinx_mdef_convert\pocketsphinx_mdef_convert.vcxproj", "{4FB65800-11B8-46BD-95B8-6E4F73BDAD91}"
EndProject
Global
	GlobalSection(SolutionConfigurationPlatforms) = preSolution
		Debug|Win32 = Debug|Win32
		Release|Win32 = Release|Win32
	EndGlobalSection
	GlobalSection(ProjectConfigurationPlatforms) = postSolution
		{1380AF76-C926-44D0-8002-06C228AC869A}.Debug|Win32.ActiveCfg = Debug|Win32
		{1380AF76-C926-44D0-8002-06C228AC869A}.Debug|Win32.Build.0 = Debug|Win32
		{1380AF76-C926-44D0-8002-06C228AC869A}.Release|Win32.ActiveCfg = Release|Win32
		{1380AF76-C926-44D0-8002-06C228AC869A}.Release|Win32.Build.0 = Release|Win32
		{CB47D94B-2F84-41BC-A3C4-A1EBDCDE922A}.Debug|Win32.ActiveCfg = Debug|Win32
		{CB47D94B-2F84-41BC-A3C4-A1EBDCDE922A}.Debug|Win32.Build.0 = Debug|Win32
		{CB47D94B-2F84-41BC-A3C4-A1EBDCDE922A}.Release|Win32.ActiveCfg = Release|Win32
		{CB47D94B-2F84-41BC-A3C4-A1EBDCDE922A}.Release|Win32.Build.0 = Release|Win32
		{FDF5E3A4-147B-4AE4-901B-90BBFF17D5A4}.Debug|Win32.ActiveCfg = Debug|Win32
		{94001A0E-A837-445C-8004-F918F10D0226}.Debug|Win32.ActiveCfg = Debug|Win32
		{94001A0E-A837-445C-8004-F918F10D0226}.Debug|Win32.Build.0 = Debug|Win32
		{94001A0E-A837-445C-8004-F918F10D0226}.Release|Win32.ActiveCfg = Release|Win32
		{94001A0E-A837-445C-8004-F918F10D0226}.Release|Win32.Build.0 = Release|Win32
		{4FB65800-11B8-46BD-95B8-6E4F73BDAD91}.Debug|Win32.ActiveCfg = Debug|Win32
		{4FB65800-11B8-46BD-95B8-6E4F73BDAD91}.Debug|Win32.Build.0 = Debug|Win32
		{4FB65800-11B8-46BD-95B8-6E4F73BDAD91}.Release|Win32.ActiveCfg = Release|Win32
		{4FB65800-11B8-46BD-95B8-6E4F73BDAD91}.Release|Win32.Build.0 = Release|Win32
	EndGlobalSection
	GlobalSection(SolutionProperties) = preSolution
		HideSolutionNode = FALSE
	EndGlobalSection
EndGlobal
