
Microsoft Visual Studio Solution File, Format Version 11.00
# Visual C++ Express 2010
Project("{8BC9CEB8-8B4A-11D0-8D11-00A0C91BC942}") = "sphinx_cepview", "win32\sphinx_cepview\sphinx_cepview.vcxproj", "{06364F13-FBCE-4E2B-9289-0DD39E246205}"
	ProjectSection(ProjectDependencies) = postProject
		{2F025EAD-99BD-40F5-B2CC-F0A28CAD7F2D} = {2F025EAD-99BD-40F5-B2CC-F0A28CAD7F2D}
	EndProjectSection
EndProject
Project("{8BC9CEB8-8B4A-11D0-8D11-00A0C91BC942}") = "sphinx_fe", "win32\sphinx_fe\sphinx_fe.vcxproj", "{D088C451-BB4D-4379-AFFA-C7523DBD35DD}"
	ProjectSection(ProjectDependencies) = postProject
		{2F025EAD-99BD-40F5-B2CC-F0A28CAD7F2D} = {2F025EAD-99BD-40F5-B2CC-F0A28CAD7F2D}
	EndProjectSection
EndProject
Project("{8BC9CEB8-8B4A-11D0-8D11-00A0C91BC942}") = "sphinxbase", "win32\sphinxbase\sphinxbase.vcxproj", "{2F025EAD-99BD-40F5-B2CC-F0A28CAD7F2D}"
EndProject
Project("{8BC9CEB8-8B4A-11D0-8D11-00A0C91BC942}") = "sphinx_jsgf2fsg", "win32\sphinx_jsgf2fsg\sphinx_jsgf2fsg.vcxproj", "{0E6AF9F5-8904-4873-8856-7216415782B4}"
	ProjectSection(ProjectDependencies) = postProject
		{2F025EAD-99BD-40F5-B2CC-F0A28CAD7F2D} = {2F025EAD-99BD-40F5-B2CC-F0A28CAD7F2D}
	EndProjectSection
EndProject
Project("{8BC9CEB8-8B4A-11D0-8D11-00A0C91BC942}") = "sphinx_lm_convert", "win32\sphinx_lm_convert\sphinx_lm_convert.vcxproj", "{AFB07B69-EDC1-4E99-B0F3-E6B14FF07C5D}"
	ProjectSection(ProjectDependencies) = postProject
		{2F025EAD-99BD-40F5-B2CC-F0A28CAD7F2D} = {2F025EAD-99BD-40F5-B2CC-F0A28CAD7F2D}
	EndProjectSection
EndProject
Project("{8BC9CEB8-8B4A-11D0-8D11-00A0C91BC942}") = "sphinx_pitch", "win32\sphinx_pitch\sphinx_pitch.vcxproj", "{AF17E630-A43F-4E0A-9BC4-67CD4E2E7FA1}"
	ProjectSection(ProjectDependencies) = postProject
		{2F025EAD-99BD-40F5-B2CC-F0A28CAD7F2D} = {2F025EAD-99BD-40F5-B2CC-F0A28CAD7F2D}
	EndProjectSection
EndProject
Project("{8BC9CEB8-8B4A-11D0-8D11-00A0C91BC942}") = "sphinx_seg", "win32\sphinx_seg\sphinx_seg.vcxproj", "{42DFD84F-14DB-42D1-B14D-B8C5ABCBA0E8}"
EndProject
Global
	GlobalSection(SolutionConfigurationPlatforms) = preSolution
		Debug|Win32 = Debug|Win32
		Release|Win32 = Release|Win32
	EndGlobalSection
	GlobalSection(ProjectConfigurationPlatforms) = postSolution
		{06364F13-FBCE-4E2B-9289-0DD39E246205}.Debug|Win32.ActiveCfg = Debug|Win32
		{06364F13-FBCE-4E2B-9289-0DD39E246205}.Debug|Win32.Build.0 = Debug|Win32
		{06364F13-FBCE-4E2B-9289-0DD39E246205}.Release|Win32.ActiveCfg = Release|Win32
		{06364F13-FBCE-4E2B-9289-0DD39E246205}.Release|Win32.Build.0 = Release|Win32
		{D088C451-BB4D-4379-AFFA-C7523DBD35DD}.Debug|Win32.ActiveCfg = Debug|Win32
		{D088C451-BB4D-4379-AFFA-C7523DBD35DD}.Debug|Win32.Build.0 = Debug|Win32
		{D088C451-BB4D-4379-AFFA-C7523DBD35DD}.Release|Win32.ActiveCfg = Release|Win32
		{D088C451-BB4D-4379-AFFA-C7523DBD35DD}.Release|Win32.Build.0 = Release|Win32
		{2F025EAD-99BD-40F5-B2CC-F0A28CAD7F2D}.Debug|Win32.ActiveCfg = Debug|Win32
		{2F025EAD-99BD-40F5-B2CC-F0A28CAD7F2D}.Debug|Win32.Build.0 = Debug|Win32
		{2F025EAD-99BD-40F5-B2CC-F0A28CAD7F2D}.Release|Win32.ActiveCfg = Release|Win32
		{2F025EAD-99BD-40F5-B2CC-F0A28CAD7F2D}.Release|Win32.Build.0 = Release|Win32
		{0E6AF9F5-8904-4873-8856-7216415782B4}.Debug|Win32.ActiveCfg = Debug|Win32
		{0E6AF9F5-8904-4873-8856-7216415782B4}.Debug|Win32.Build.0 = Debug|Win32
		{0E6AF9F5-8904-4873-8856-7216415782B4}.Release|Win32.ActiveCfg = Release|Win32
		{0E6AF9F5-8904-4873-8856-7216415782B4}.Release|Win32.Build.0 = Release|Win32
		{AFB07B69-EDC1-4E99-B0F3-E6B14FF07C5D}.Debug|Win32.ActiveCfg = Debug|Win32
		{AFB07B69-EDC1-4E99-B0F3-E6B14FF07C5D}.Debug|Win32.Build.0 = Debug|Win32
		{AFB07B69-EDC1-4E99-B0F3-E6B14FF07C5D}.Release|Win32.ActiveCfg = Release|Win32
		{AFB07B69-EDC1-4E99-B0F3-E6B14FF07C5D}.Release|Win32.Build.0 = Release|Win32
		{AF17E630-A43F-4E0A-9BC4-67CD4E2E7FA1}.Debug|Win32.ActiveCfg = Debug|Win32
		{AF17E630-A43F-4E0A-9BC4-67CD4E2E7FA1}.Debug|Win32.Build.0 = Debug|Win32
		{AF17E630-A43F-4E0A-9BC4-67CD4E2E7FA1}.Release|Win32.ActiveCfg = Release|Win32
		{AF17E630-A43F-4E0A-9BC4-67CD4E2E7FA1}.Release|Win32.Build.0 = Release|Win32
		{42DFD84F-14DB-42D1-B14D-B8C5ABCBA0E8}.Debug|Win32.ActiveCfg = Debug|Win32
		{42DFD84F-14DB-42D1-B14D-B8C5ABCBA0E8}.Debug|Win32.Build.0 = Debug|Win32
		{42DFD84F-14DB-42D1-B14D-B8C5ABCBA0E8}.Release|Win32.ActiveCfg = Release|Win32
		{42DFD84F-14DB-42D1-B14D-B8C5ABCBA0E8}.Release|Win32.Build.0 = Release|Win32
	EndGlobalSection
	GlobalSection(SolutionProperties) = preSolution
		HideSolutionNode = FALSE
	EndGlobalSection
EndGlobal
